
Microsoft Visual Studio Solution File, Format Version 12.00
# Visual Studio Version 17
VisualStudioVersion = 17.11.35312.102
MinimumVisualStudioVersion = 10.0.40219.1
Project("{FAE04EC0-301F-11D3-BF4B-00C04F79EFBC}") = "GPSApp", "GPSApp\GPSApp.csproj", "{03BE52E2-3C23-4D6B-85B7-F3D9BAB8E223}"
EndProject
Global
	GlobalSection(SolutionConfigurationPlatforms) = preSolution
		Debug|Any CPU = Debug|Any CPU
		Release|Any CPU = Release|Any CPU
	EndGlobalSection
	GlobalSection(ProjectConfigurationPlatforms) = postSolution
		{03BE52E2-3C23-4D6B-85B7-F3D9BAB8E223}.Debug|Any CPU.ActiveCfg = Debug|Any CPU
		{03BE52E2-3C23-4D6B-85B7-F3D9BAB8E223}.Debug|Any CPU.Build.0 = Debug|Any CPU
		{03BE52E2-3C23-4D6B-85B7-F3D9BAB8E223}.Debug|Any CPU.Deploy.0 = Debug|Any CPU
		{03BE52E2-3C23-4D6B-85B7-F3D9BAB8E223}.Release|Any CPU.ActiveCfg = Release|Any CPU
		{03BE52E2-3C23-4D6B-85B7-F3D9BAB8E223}.Release|Any CPU.Build.0 = Release|Any CPU
		{03BE52E2-3C23-4D6B-85B7-F3D9BAB8E223}.Release|Any CPU.Deploy.0 = Release|Any CPU
	EndGlobalSection
	GlobalSection(SolutionProperties) = preSolution
		HideSolutionNode = FALSE
	EndGlobalSection
	GlobalSection(ExtensibilityGlobals) = postSolution
		SolutionGuid = {B0016A00-DD24-4FC5-88A1-17807DDEDD2E}
	EndGlobalSection
EndGlobal
